{
  "name": "fuel-cell",
  "version": "1.0.0",
  "lockfileVersion": 3,
  "requires": true,
  "packages": {
    "": {
      "name": "fuel-cell",
      "version": "1.0.0",
      "dependencies": {
        "@loaders.gl/core": "^3.2.3",
        "@loaders.gl/gltf": "^3.2.3",
        "rxjs": "^7.8.1",
        "three": "^0.154.0",
        "three-custom-shader-material": "^5.3.8",
        "tweakpane": "^3.1.0"
      },
      "devDependencies": {
        "terser": "^5.14.2",
        "vite": "^4.4.3",
        "vite-plugin-glsl": "^1.1.2"
      }
    },
    "node_modules/@babel/runtime": {
      "version": "7.22.6",
      "resolved": "https://registry.npmjs.org/@babel/runtime/-/runtime-7.22.6.tgz",
      "integrity": "sha512-wDb5pWm4WDdF6LFUde3Jl8WzPA+3ZbxYqkC6xAXuD3irdEHN1k0NfTRrJD8ZD378SJ61miMLCqIOXYhd8x+AJQ==",
      "dependencies": {
        "regenerator-runtime": "^0.13.11"
      },
      "engines": {
        "node": ">=6.9.0"
      }
    },
    "node_modules/@esbuild/android-arm": {
      "version": "0.18.17",
      "resolved": "https://registry.npmjs.org/@esbuild/android-arm/-/android-arm-0.18.17.tgz",
      "integrity": "sha512-wHsmJG/dnL3OkpAcwbgoBTTMHVi4Uyou3F5mf58ZtmUyIKfcdA7TROav/6tCzET4A3QW2Q2FC+eFneMU+iyOxg==",
      "cpu": [
        "arm"
      ],
      "dev": true,
      "optional": true,
      "os": [
        "android"
      ],
      "engines": {
        "node": ">=12"
      }
    },
    "node_modules/@esbuild/android-arm64": {
      "version": "0.18.17",
      "resolved": "https://registry.npmjs.org/@esbuild/android-arm64/-/android-arm64-0.18.17.tgz",
      "integrity": "sha512-9np+YYdNDed5+Jgr1TdWBsozZ85U1Oa3xW0c7TWqH0y2aGghXtZsuT8nYRbzOMcl0bXZXjOGbksoTtVOlWrRZg==",
      "cpu": [
        "arm64"
      ],
      "dev": true,
      "optional": true,
      "os": [
        "android"
      ],
      "engines": {
        "node": ">=12"
      }
    },
    "node_modules/@esbuild/android-x64": {
      "version": "0.18.17",
      "resolved": "https://registry.npmjs.org/@esbuild/android-x64/-/android-x64-0.18.17.tgz",
      "integrity": "sha512-O+FeWB/+xya0aLg23hHEM2E3hbfwZzjqumKMSIqcHbNvDa+dza2D0yLuymRBQQnC34CWrsJUXyH2MG5VnLd6uw==",
      "cpu": [
        "x64"
      ],
      "dev": true,
      "optional": true,
      "os": [
        "android"
      ],
      "engines": {
        "node": ">=12"
      }
    },
    "node_modules/@esbuild/darwin-arm64": {
      "version": "0.18.17",
      "resolved": "https://registry.npmjs.org/@esbuild/darwin-arm64/-/darwin-arm64-0.18.17.tgz",
      "integrity": "sha512-M9uJ9VSB1oli2BE/dJs3zVr9kcCBBsE883prage1NWz6pBS++1oNn/7soPNS3+1DGj0FrkSvnED4Bmlu1VAE9g==",
      "cpu": [
        "arm64"
      ],
      "dev": true,
      "optional": true,
      "os": [
        "darwin"
      ],
      "engines": {
        "node": ">=12"
      }
    },
    "node_modules/@esbuild/darwin-x64": {
      "version": "0.18.17",
      "resolved": "https://registry.npmjs.org/@esbuild/darwin-x64/-/darwin-x64-0.18.17.tgz",
      "integrity": "sha512-XDre+J5YeIJDMfp3n0279DFNrGCXlxOuGsWIkRb1NThMZ0BsrWXoTg23Jer7fEXQ9Ye5QjrvXpxnhzl3bHtk0g==",
      "cpu": [
        "x64"
      ],
      "dev": true,
      "optional": true,
      "os": [
        "darwin"
      ],
      "engines": {
        "node": ">=12"
      }
    },
    "node_modules/@esbuild/freebsd-arm64": {
      "version": "0.18.17",
      "resolved": "https://registry.npmjs.org/@esbuild/freebsd-arm64/-/freebsd-arm64-0.18.17.tgz",
      "integrity": "sha512-cjTzGa3QlNfERa0+ptykyxs5A6FEUQQF0MuilYXYBGdBxD3vxJcKnzDlhDCa1VAJCmAxed6mYhA2KaJIbtiNuQ==",
      "cpu": [
        "arm64"
      ],
      "dev": true,
      "optional": true,
      "os": [
        "freebsd"
      ],
      "engines": {
        "node": ">=12"
      }
    },
    "node_modules/@esbuild/freebsd-x64": {
      "version": "0.18.17",
      "resolved": "https://registry.npmjs.org/@esbuild/freebsd-x64/-/freebsd-x64-0.18.17.tgz",
      "integrity": "sha512-sOxEvR8d7V7Kw8QqzxWc7bFfnWnGdaFBut1dRUYtu+EIRXefBc/eIsiUiShnW0hM3FmQ5Zf27suDuHsKgZ5QrA==",
      "cpu": [
        "x64"
      ],
      "dev": true,
      "optional": true,
      "os": [
        "freebsd"
      ],
      "engines": {
        "node": ">=12"
      }
    },
    "node_modules/@esbuild/linux-arm": {
      "version": "0.18.17",
      "resolved": "https://registry.npmjs.org/@esbuild/linux-arm/-/linux-arm-0.18.17.tgz",
      "integrity": "sha512-2d3Lw6wkwgSLC2fIvXKoMNGVaeY8qdN0IC3rfuVxJp89CRfA3e3VqWifGDfuakPmp90+ZirmTfye1n4ncjv2lg==",
      "cpu": [
        "arm"
      ],
      "dev": true,
      "optional": true,
      "os": [
        "linux"
      ],
      "engines": {
        "node": ">=12"
      }
    },
    "node_modules/@esbuild/linux-arm64": {
      "version": "0.18.17",
      "resolved": "https://registry.npmjs.org/@esbuild/linux-arm64/-/linux-arm64-0.18.17.tgz",
      "integrity": "sha512-c9w3tE7qA3CYWjT+M3BMbwMt+0JYOp3vCMKgVBrCl1nwjAlOMYzEo+gG7QaZ9AtqZFj5MbUc885wuBBmu6aADQ==",
      "cpu": [
        "arm64"
      ],
      "dev": true,
      "optional": true,
      "os": [
        "linux"
      ],
      "engines": {
        "node": ">=12"
      }
    },
    "node_modules/@esbuild/linux-ia32": {
      "version": "0.18.17",
      "resolved": "https://registry.npmjs.org/@esbuild/linux-ia32/-/linux-ia32-0.18.17.tgz",
      "integrity": "sha512-1DS9F966pn5pPnqXYz16dQqWIB0dmDfAQZd6jSSpiT9eX1NzKh07J6VKR3AoXXXEk6CqZMojiVDSZi1SlmKVdg==",
      "cpu": [
        "ia32"
      ],
      "dev": true,
      "optional": true,
      "os": [
        "linux"
      ],
      "engines": {
        "node": ">=12"
      }
    },
    "node_modules/@esbuild/linux-loong64": {
      "version": "0.18.17",
      "resolved": "https://registry.npmjs.org/@esbuild/linux-loong64/-/linux-loong64-0.18.17.tgz",
      "integrity": "sha512-EvLsxCk6ZF0fpCB6w6eOI2Fc8KW5N6sHlIovNe8uOFObL2O+Mr0bflPHyHwLT6rwMg9r77WOAWb2FqCQrVnwFg==",
      "cpu": [
        "loong64"
      ],
      "dev": true,
      "optional": true,
      "os": [
        "linux"
      ],
      "engines": {
        "node": ">=12"
      }
    },
    "node_modules/@esbuild/linux-mips64el": {
      "version": "0.18.17",
      "resolved": "https://registry.npmjs.org/@esbuild/linux-mips64el/-/linux-mips64el-0.18.17.tgz",
      "integrity": "sha512-e0bIdHA5p6l+lwqTE36NAW5hHtw2tNRmHlGBygZC14QObsA3bD4C6sXLJjvnDIjSKhW1/0S3eDy+QmX/uZWEYQ==",
      "cpu": [
        "mips64el"
      ],
      "dev": true,
      "optional": true,
      "os": [
        "linux"
      ],
      "engines": {
        "node": ">=12"
      }
    },
    "node_modules/@esbuild/linux-ppc64": {
      "version": "0.18.17",
      "resolved": "https://registry.npmjs.org/@esbuild/linux-ppc64/-/linux-ppc64-0.18.17.tgz",
      "integrity": "sha512-BAAilJ0M5O2uMxHYGjFKn4nJKF6fNCdP1E0o5t5fvMYYzeIqy2JdAP88Az5LHt9qBoUa4tDaRpfWt21ep5/WqQ==",
      "cpu": [
        "ppc64"
      ],
      "dev": true,
      "optional": true,
      "os": [
        "linux"
      ],
      "engines": {
        "node": ">=12"
      }
    },
    "node_modules/@esbuild/linux-riscv64": {
      "version": "0.18.17",
      "resolved": "https://registry.npmjs.org/@esbuild/linux-riscv64/-/linux-riscv64-0.18.17.tgz",
      "integrity": "sha512-Wh/HW2MPnC3b8BqRSIme/9Zhab36PPH+3zam5pqGRH4pE+4xTrVLx2+XdGp6fVS3L2x+DrsIcsbMleex8fbE6g==",
      "cpu": [
        "riscv64"
      ],
      "dev": true,
      "optional": true,
      "os": [
        "linux"
      ],
      "engines": {
        "node": ">=12"
      }
    },
    "node_modules/@esbuild/linux-s390x": {
      "version": "0.18.17",
      "resolved": "https://registry.npmjs.org/@esbuild/linux-s390x/-/linux-s390x-0.18.17.tgz",
      "integrity": "sha512-j/34jAl3ul3PNcK3pfI0NSlBANduT2UO5kZ7FCaK33XFv3chDhICLY8wJJWIhiQ+YNdQ9dxqQctRg2bvrMlYgg==",
      "cpu": [
        "s390x"
      ],
      "dev": true,
      "optional": true,
      "os": [
        "linux"
      ],
      "engines": {
        "node": ">=12"
      }
    },
    "node_modules/@esbuild/linux-x64": {
      "version": "0.18.17",
      "resolved": "https://registry.npmjs.org/@esbuild/linux-x64/-/linux-x64-0.18.17.tgz",
      "integrity": "sha512-QM50vJ/y+8I60qEmFxMoxIx4de03pGo2HwxdBeFd4nMh364X6TIBZ6VQ5UQmPbQWUVWHWws5MmJXlHAXvJEmpQ==",
      "cpu": [
        "x64"
      ],
      "dev": true,
      "optional": true,
      "os": [
        "linux"
      ],
      "engines": {
        "node": ">=12"
      }
    },
    "node_modules/@esbuild/netbsd-x64": {
      "version": "0.18.17",
      "resolved": "https://registry.npmjs.org/@esbuild/netbsd-x64/-/netbsd-x64-0.18.17.tgz",
      "integrity": "sha512-/jGlhWR7Sj9JPZHzXyyMZ1RFMkNPjC6QIAan0sDOtIo2TYk3tZn5UDrkE0XgsTQCxWTTOcMPf9p6Rh2hXtl5TQ==",
      "cpu": [
        "x64"
      ],
      "dev": true,
      "optional": true,
      "os": [
        "netbsd"
      ],
      "engines": {
        "node": ">=12"
      }
    },
    "node_modules/@esbuild/openbsd-x64": {
      "version": "0.18.17",
      "resolved": "https://registry.npmjs.org/@esbuild/openbsd-x64/-/openbsd-x64-0.18.17.tgz",
      "integrity": "sha512-rSEeYaGgyGGf4qZM2NonMhMOP/5EHp4u9ehFiBrg7stH6BYEEjlkVREuDEcQ0LfIl53OXLxNbfuIj7mr5m29TA==",
      "cpu": [
        "x64"
      ],
      "dev": true,
      "optional": true,
      "os": [
        "openbsd"
      ],
      "engines": {
        "node": ">=12"
      }
    },
    "node_modules/@esbuild/sunos-x64": {
      "version": "0.18.17",
      "resolved": "https://registry.npmjs.org/@esbuild/sunos-x64/-/sunos-x64-0.18.17.tgz",
      "integrity": "sha512-Y7ZBbkLqlSgn4+zot4KUNYst0bFoO68tRgI6mY2FIM+b7ZbyNVtNbDP5y8qlu4/knZZ73fgJDlXID+ohY5zt5g==",
      "cpu": [
        "x64"
      ],
      "dev": true,
      "optional": true,
      "os": [
        "sunos"
      ],
      "engines": {
        "node": ">=12"
      }
    },
    "node_modules/@esbuild/win32-arm64": {
      "version": "0.18.17",
      "resolved": "https://registry.npmjs.org/@esbuild/win32-arm64/-/win32-arm64-0.18.17.tgz",
      "integrity": "sha512-bwPmTJsEQcbZk26oYpc4c/8PvTY3J5/QK8jM19DVlEsAB41M39aWovWoHtNm78sd6ip6prilxeHosPADXtEJFw==",
      "cpu": [
        "arm64"
      ],
      "dev": true,
      "optional": true,
      "os": [
        "win32"
      ],
      "engines": {
        "node": ">=12"
      }
    },
    "node_modules/@esbuild/win32-ia32": {
      "version": "0.18.17",
      "resolved": "https://registry.npmjs.org/@esbuild/win32-ia32/-/win32-ia32-0.18.17.tgz",
      "integrity": "sha512-H/XaPtPKli2MhW+3CQueo6Ni3Avggi6hP/YvgkEe1aSaxw+AeO8MFjq8DlgfTd9Iz4Yih3QCZI6YLMoyccnPRg==",
      "cpu": [
        "ia32"
      ],
      "dev": true,
      "optional": true,
      "os": [
        "win32"
      ],
      "engines": {
        "node": ">=12"
      }
    },
    "node_modules/@esbuild/win32-x64": {
      "version": "0.18.17",
      "resolved": "https://registry.npmjs.org/@esbuild/win32-x64/-/win32-x64-0.18.17.tgz",
      "integrity": "sha512-fGEb8f2BSA3CW7riJVurug65ACLuQAzKq0SSqkY2b2yHHH0MzDfbLyKIGzHwOI/gkHcxM/leuSW6D5w/LMNitA==",
      "cpu": [
        "x64"
      ],
      "dev": true,
      "optional": true,
      "os": [
        "win32"
      ],
      "engines": {
        "node": ">=12"
      }
    },
    "node_modules/@jridgewell/gen-mapping": {
      "version": "0.3.3",
      "resolved": "https://registry.npmjs.org/@jridgewell/gen-mapping/-/gen-mapping-0.3.3.tgz",
      "integrity": "sha512-HLhSWOLRi875zjjMG/r+Nv0oCW8umGb0BgEhyX3dDX3egwZtB8PqLnjz3yedt8R5StBrzcg4aBpnh8UA9D1BoQ==",
      "dev": true,
      "dependencies": {
        "@jridgewell/set-array": "^1.0.1",
        "@jridgewell/sourcemap-codec": "^1.4.10",
        "@jridgewell/trace-mapping": "^0.3.9"
      },
      "engines": {
        "node": ">=6.0.0"
      }
    },
    "node_modules/@jridgewell/resolve-uri": {
      "version": "3.1.0",
      "resolved": "https://registry.npmjs.org/@jridgewell/resolve-uri/-/resolve-uri-3.1.0.tgz",
      "integrity": "sha512-F2msla3tad+Mfht5cJq7LSXcdudKTWCVYUgw6pLFOOHSTtZlj6SWNYAp+AhuqLmWdBO2X5hPrLcu8cVP8fy28w==",
      "dev": true,
      "engines": {
        "node": ">=6.0.0"
      }
    },
    "node_modules/@jridgewell/set-array": {
      "version": "1.1.2",
      "resolved": "https://registry.npmjs.org/@jridgewell/set-array/-/set-array-1.1.2.tgz",
      "integrity": "sha512-xnkseuNADM0gt2bs+BvhO0p78Mk762YnZdsuzFV018NoG1Sj1SCQvpSqa7XUaTam5vAGasABV9qXASMKnFMwMw==",
      "dev": true,
      "engines": {
        "node": ">=6.0.0"
      }
    },
    "node_modules/@jridgewell/source-map": {
      "version": "0.3.5",
      "resolved": "https://registry.npmjs.org/@jridgewell/source-map/-/source-map-0.3.5.tgz",
      "integrity": "sha512-UTYAUj/wviwdsMfzoSJspJxbkH5o1snzwX0//0ENX1u/55kkZZkcTZP6u9bwKGkv+dkk9at4m1Cpt0uY80kcpQ==",
      "dev": true,
      "dependencies": {
        "@jridgewell/gen-mapping": "^0.3.0",
        "@jridgewell/trace-mapping": "^0.3.9"
      }
    },
    "node_modules/@jridgewell/sourcemap-codec": {
      "version": "1.4.15",
      "resolved": "https://registry.npmjs.org/@jridgewell/sourcemap-codec/-/sourcemap-codec-1.4.15.tgz",
      "integrity": "sha512-eF2rxCRulEKXHTRiDrDy6erMYWqNw4LPdQ8UQA4huuxaQsVeRPFl2oM8oDGxMFhJUWZf9McpLtJasDDZb/Bpeg==",
      "dev": true
    },
    "node_modules/@jridgewell/trace-mapping": {
      "version": "0.3.18",
      "resolved": "https://registry.npmjs.org/@jridgewell/trace-mapping/-/trace-mapping-0.3.18.tgz",
      "integrity": "sha512-w+niJYzMHdd7USdiH2U6869nqhD2nbfZXND5Yp93qIbEmnDNk7PD48o+YchRVpzMU7M6jVCbenTR7PA1FLQ9pA==",
      "dev": true,
      "dependencies": {
        "@jridgewell/resolve-uri": "3.1.0",
        "@jridgewell/sourcemap-codec": "1.4.14"
      }
    },
    "node_modules/@jridgewell/trace-mapping/node_modules/@jridgewell/sourcemap-codec": {
      "version": "1.4.14",
      "resolved": "https://registry.npmjs.org/@jridgewell/sourcemap-codec/-/sourcemap-codec-1.4.14.tgz",
      "integrity": "sha512-XPSJHWmi394fuUuzDnGz1wiKqWfo1yXecHQMRf2l6hztTO+nPru658AyDngaBe7isIxEkRsPR3FZh+s7iVa4Uw==",
      "dev": true
    },
    "node_modules/@loaders.gl/core": {
      "version": "3.4.8",
      "resolved": "https://registry.npmjs.org/@loaders.gl/core/-/core-3.4.8.tgz",
      "integrity": "sha512-pAaAISNmxiUQn8iz0yDhX5DCt3geaaJtSTxAHgz25G2Z5kWqYS00g5bc7XIGNT2BwqD5pgVLRch+BdTQ/Q8lJA==",
      "dependencies": {
        "@babel/runtime": "^7.3.1",
        "@loaders.gl/loader-utils": "3.4.8",
        "@loaders.gl/worker-utils": "3.4.8",
        "@probe.gl/log": "^4.0.1"
      }
    },
    "node_modules/@loaders.gl/draco": {
      "version": "3.4.8",
      "resolved": "https://registry.npmjs.org/@loaders.gl/draco/-/draco-3.4.8.tgz",
      "integrity": "sha512-x127QX/CCzbSXTk5IL4WBmL6RjvMZhedzMoEiWE4NhAEiwTFKXvWUZLluoFlGzJhxSL6xiR2KBF8tN1EMv4L1Q==",
      "dependencies": {
        "@babel/runtime": "^7.3.1",
        "@loaders.gl/loader-utils": "3.4.8",
        "@loaders.gl/schema": "3.4.8",
        "@loaders.gl/worker-utils": "3.4.8",
        "draco3d": "1.5.5"
      }
    },
    "node_modules/@loaders.gl/gltf": {
      "version": "3.4.8",
      "resolved": "https://registry.npmjs.org/@loaders.gl/gltf/-/gltf-3.4.8.tgz",
      "integrity": "sha512-nvDj0LmkOXtQWUr7MkGShQ2WUmZlUnWTs6PatPxueevdL49vR16SB8VAWTx+8XUPq3Wno+gVZJxG8HBRkFVHng==",
      "dependencies": {
        "@loaders.gl/draco": "3.4.8",
        "@loaders.gl/images": "3.4.8",
        "@loaders.gl/loader-utils": "3.4.8",
        "@loaders.gl/textures": "3.4.8",
        "@math.gl/core": "^3.5.1"
      }
    },
    "node_modules/@loaders.gl/images": {
      "version": "3.4.8",
      "resolved": "https://registry.npmjs.org/@loaders.gl/images/-/images-3.4.8.tgz",
      "integrity": "sha512-cKoQ20aMBgBXYKVVJuDLuH1wTeXZyinbG4otSBf4D+gAhQ09Gd3dVMYF7RWIxXp0CdL4jiqGHnJ470y0AvrT4w==",
      "dependencies": {
        "@loaders.gl/loader-utils": "3.4.8"
      }
    },
    "node_modules/@loaders.gl/loader-utils": {
      "version": "3.4.8",
      "resolved": "https://registry.npmjs.org/@loaders.gl/loader-utils/-/loader-utils-3.4.8.tgz",
      "integrity": "sha512-/3sZ2J3Y29t50HSo6X6mtLNDYID+s77cmFWxjq+R4/uDekYx2vmgiw/WCFbupKse6NrAKe1KgqEBac1Q7yARSQ==",
      "dependencies": {
        "@babel/runtime": "^7.3.1",
        "@loaders.gl/worker-utils": "3.4.8",
        "@probe.gl/stats": "^4.0.1"
      }
    },
    "node_modules/@loaders.gl/schema": {
      "version": "3.4.8",
      "resolved": "https://registry.npmjs.org/@loaders.gl/schema/-/schema-3.4.8.tgz",
      "integrity": "sha512-nu+mT8LgeoCF65xs+F9qegJsIWqYOzwkzJLEd7zmHGRMMYqaFDqcp63J3CUQy+UvS4dGTZph38aQuVfncS/fJA==",
      "dependencies": {
        "@types/geojson": "^7946.0.7"
      }
    },
    "node_modules/@loaders.gl/textures": {
      "version": "3.4.8",
      "resolved": "https://registry.npmjs.org/@loaders.gl/textures/-/textures-3.4.8.tgz",
      "integrity": "sha512-lFlV1/3yQqBANP5FoywuQwh+Br++BU3/6eT/Eb/zDbKOqTuqtHp7yAUz207tAO3mRqTkPvtKi9fv+0QrBGoxtw==",
      "dependencies": {
        "@loaders.gl/images": "3.4.8",
        "@loaders.gl/loader-utils": "3.4.8",
        "@loaders.gl/schema": "3.4.8",
        "@loaders.gl/worker-utils": "3.4.8",
        "ktx-parse": "^0.0.4",
        "texture-compressor": "^1.0.2"
      }
    },
    "node_modules/@loaders.gl/worker-utils": {
      "version": "3.4.8",
      "resolved": "https://registry.npmjs.org/@loaders.gl/worker-utils/-/worker-utils-3.4.8.tgz",
      "integrity": "sha512-cioo1rKtUkbDPJVQZ5ytEc6r/LdR1eIOCszgRh1VymtYvWGT+prZxfCIAmM1uZBV2SLWYTnH17dR0PR+cNopzA==",
      "dependencies": {
        "@babel/runtime": "^7.3.1"
      }
    },
    "node_modules/@math.gl/core": {
      "version": "3.6.3",
      "resolved": "https://registry.npmjs.org/@math.gl/core/-/core-3.6.3.tgz",
      "integrity": "sha512-jBABmDkj5uuuE0dTDmwwss7Cup5ZwQ6Qb7h1pgvtkEutTrhkcv8SuItQNXmF45494yIHeoGue08NlyeY6wxq2A==",
      "dependencies": {
        "@babel/runtime": "^7.12.0",
        "@math.gl/types": "3.6.3",
        "gl-matrix": "^3.4.0"
      }
    },
    "node_modules/@math.gl/types": {
      "version": "3.6.3",
      "resolved": "https://registry.npmjs.org/@math.gl/types/-/types-3.6.3.tgz",
      "integrity": "sha512-3uWLVXHY3jQxsXCr/UCNPSc2BG0hNUljhmOBt9l+lNFDp7zHgm0cK2Tw4kj2XfkJy4TgwZTBGwRDQgWEbLbdTA=="
    },
    "node_modules/@probe.gl/env": {
      "version": "4.0.4",
      "resolved": "https://registry.npmjs.org/@probe.gl/env/-/env-4.0.4.tgz",
      "integrity": "sha512-sYNGqesDfWD6dFP5oNZtTeFA4Z6ak5T4a8BNPdNhoqy7PK9w70JHrb6mv+RKWqKXq33KiwCDWL7fYxx2HuEH2w==",
      "dependencies": {
        "@babel/runtime": "^7.0.0"
      }
    },
    "node_modules/@probe.gl/log": {
      "version": "4.0.4",
      "resolved": "https://registry.npmjs.org/@probe.gl/log/-/log-4.0.4.tgz",
      "integrity": "sha512-WpmXl6njlBMwrm8HBh/b4kSp/xnY1VVmeT4PWUKF+RkVbFuKQbsU11dA1IxoMd7gSY+5DGIwxGfAv1H5OMzA4A==",
      "dependencies": {
        "@babel/runtime": "^7.0.0",
        "@probe.gl/env": "4.0.4"
      }
    },
    "node_modules/@probe.gl/stats": {
      "version": "4.0.4",
      "resolved": "https://registry.npmjs.org/@probe.gl/stats/-/stats-4.0.4.tgz",
      "integrity": "sha512-SDuSY/D4yDL6LQDa69l/GCcnZLRiGYdyvYkxWb0CgnzTPdPrcdrzGkzkvpC3zsA4fEFw2smlDje370QGHwlisg==",
      "dependencies": {
        "@babel/runtime": "^7.0.0"
      }
    },
    "node_modules/@rollup/pluginutils": {
      "version": "5.0.2",
      "resolved": "https://registry.npmjs.org/@rollup/pluginutils/-/pluginutils-5.0.2.tgz",
      "integrity": "sha512-pTd9rIsP92h+B6wWwFbW8RkZv4hiR/xKsqre4SIuAOaOEQRxi0lqLke9k2/7WegC85GgUs9pjmOjCUi3In4vwA==",
      "dev": true,
      "dependencies": {
        "@types/estree": "^1.0.0",
        "estree-walker": "^2.0.2",
        "picomatch": "^2.3.1"
      },
      "engines": {
        "node": ">=14.0.0"
      },
      "peerDependencies": {
        "rollup": "^1.20.0||^2.0.0||^3.0.0"
      },
      "peerDependenciesMeta": {
        "rollup": {
          "optional": true
        }
      }
    },
    "node_modules/@types/estree": {
      "version": "1.0.1",
      "resolved": "https://registry.npmjs.org/@types/estree/-/estree-1.0.1.tgz",
      "integrity": "sha512-LG4opVs2ANWZ1TJoKc937iMmNstM/d0ae1vNbnBvBhqCSezgVUOzcLCqbI5elV8Vy6WKwKjaqR+zO9VKirBBCA==",
      "dev": true
    },
    "node_modules/@types/geojson": {
      "version": "7946.0.10",
      "resolved": "https://registry.npmjs.org/@types/geojson/-/geojson-7946.0.10.tgz",
      "integrity": "sha512-Nmh0K3iWQJzniTuPRcJn5hxXkfB1T1pgB89SBig5PlJQU5yocazeu4jATJlaA0GYFKWMqDdvYemoSnF2pXgLVA=="
    },
    "node_modules/acorn": {
      "version": "8.10.0",
      "resolved": "https://registry.npmjs.org/acorn/-/acorn-8.10.0.tgz",
      "integrity": "sha512-F0SAmZ8iUtS//m8DmCTA0jlh6TDKkHQyK6xc6V4KDTyZKA9dnvX9/3sRTVQrWm79glUAZbnmmNcdYwUIHWVybw==",
      "dev": true,
      "bin": {
        "acorn": "bin/acorn"
      },
      "engines": {
        "node": ">=0.4.0"
      }
    },
    "node_modules/argparse": {
      "version": "1.0.10",
      "resolved": "https://registry.npmjs.org/argparse/-/argparse-1.0.10.tgz",
      "integrity": "sha512-o5Roy6tNG4SL/FOkCAN6RzjiakZS25RLYFrcMttJqbdd8BWrnA+fGz57iN5Pb06pvBGvl5gQ0B48dJlslXvoTg==",
      "dependencies": {
        "sprintf-js": "~1.0.2"
      }
    },
    "node_modules/buffer-from": {
      "version": "1.1.2",
      "resolved": "https://registry.npmjs.org/buffer-from/-/buffer-from-1.1.2.tgz",
      "integrity": "sha512-E+XQCRwSbaaiChtv6k6Dwgc+bx+Bs6vuKJHHl5kox/BaKbhiXzqQOwK4cO22yElGp2OCmjwVhT3HmxgyPGnJfQ==",
      "dev": true
    },
    "node_modules/commander": {
      "version": "2.20.3",
      "resolved": "https://registry.npmjs.org/commander/-/commander-2.20.3.tgz",
      "integrity": "sha512-GpVkmM8vF2vQUkj2LvZmD35JxeJOLCwJ9cUkugyk2nuhbv3+mJvpLYYt+0+USMxE+oj+ey/lJEnhZw75x/OMcQ==",
      "dev": true
    },
    "node_modules/core-util-is": {
      "version": "1.0.3",
      "resolved": "https://registry.npmjs.org/core-util-is/-/core-util-is-1.0.3.tgz",
      "integrity": "sha512-ZQBvi1DcpJ4GDqanjucZ2Hj3wEO5pZDS89BWbkcrvdxksJorwUDDZamX9ldFkp9aw2lmBDLgkObEA4DWNJ9FYQ=="
    },
    "node_modules/draco3d": {
      "version": "1.5.5",
      "resolved": "https://registry.npmjs.org/draco3d/-/draco3d-1.5.5.tgz",
      "integrity": "sha512-JVuNV0EJzD3LBYhGyIXJLeBID/EVtmFO1ZNhAYflTgiMiAJlbhXQmRRda/azjc8MRVMHh0gqGhiqHUo5dIXM8Q=="
    },
    "node_modules/esbuild": {
      "version": "0.18.17",
      "resolved": "https://registry.npmjs.org/esbuild/-/esbuild-0.18.17.tgz",
      "integrity": "sha512-1GJtYnUxsJreHYA0Y+iQz2UEykonY66HNWOb0yXYZi9/kNrORUEHVg87eQsCtqh59PEJ5YVZJO98JHznMJSWjg==",
      "dev": true,
      "hasInstallScript": true,
      "bin": {
        "esbuild": "bin/esbuild"
      },
      "engines": {
        "node": ">=12"
      },
      "optionalDependencies": {
        "@esbuild/android-arm": "0.18.17",
        "@esbuild/android-arm64": "0.18.17",
        "@esbuild/android-x64": "0.18.17",
        "@esbuild/darwin-arm64": "0.18.17",
        "@esbuild/darwin-x64": "0.18.17",
        "@esbuild/freebsd-arm64": "0.18.17",
        "@esbuild/freebsd-x64": "0.18.17",
        "@esbuild/linux-arm": "0.18.17",
        "@esbuild/linux-arm64": "0.18.17",
        "@esbuild/linux-ia32": "0.18.17",
        "@esbuild/linux-loong64": "0.18.17",
        "@esbuild/linux-mips64el": "0.18.17",
        "@esbuild/linux-ppc64": "0.18.17",
        "@esbuild/linux-riscv64": "0.18.17",
        "@esbuild/linux-s390x": "0.18.17",
        "@esbuild/linux-x64": "0.18.17",
        "@esbuild/netbsd-x64": "0.18.17",
        "@esbuild/openbsd-x64": "0.18.17",
        "@esbuild/sunos-x64": "0.18.17",
        "@esbuild/win32-arm64": "0.18.17",
        "@esbuild/win32-ia32": "0.18.17",
        "@esbuild/win32-x64": "0.18.17"
      }
    },
    "node_modules/estree-walker": {
      "version": "2.0.2",
      "resolved": "https://registry.npmjs.org/estree-walker/-/estree-walker-2.0.2.tgz",
      "integrity": "sha512-Rfkk/Mp/DL7JVje3u18FxFujQlTNR2q6QfMSMB7AvCBx91NGj/ba3kCfza0f6dVDbw7YlRf/nDrn7pQrCCyQ/w==",
      "dev": true
    },
    "node_modules/fsevents": {
      "version": "2.3.2",
      "resolved": "https://registry.npmjs.org/fsevents/-/fsevents-2.3.2.tgz",
      "integrity": "sha512-xiqMQR4xAeHTuB9uWm+fFRcIOgKBMiOBP+eXiyT7jsgVCq1bkVygt00oASowB7EdtpOHaaPgKt812P9ab+DDKA==",
      "dev": true,
      "hasInstallScript": true,
      "optional": true,
      "os": [
        "darwin"
      ],
      "engines": {
        "node": "^8.16.0 || ^10.6.0 || >=11.0.0"
      }
    },
    "node_modules/gl-matrix": {
      "version": "3.4.3",
      "resolved": "https://registry.npmjs.org/gl-matrix/-/gl-matrix-3.4.3.tgz",
      "integrity": "sha512-wcCp8vu8FT22BnvKVPjXa/ICBWRq/zjFfdofZy1WSpQZpphblv12/bOQLBC1rMM7SGOFS9ltVmKOHil5+Ml7gA=="
    },
    "node_modules/glsl-token-functions": {
      "version": "1.0.1",
      "resolved": "https://registry.npmjs.org/glsl-token-functions/-/glsl-token-functions-1.0.1.tgz",
      "integrity": "sha512-EigGhp1g+aUVeUNY7H1o5tL/bnwIB3/FcRREPr2E7Du+/UDXN24hDkaZ3e4aWHDjHr9lJ6YHXMISkwhUYg9UOg=="
    },
    "node_modules/glsl-token-string": {
      "version": "1.0.1",
      "resolved": "https://registry.npmjs.org/glsl-token-string/-/glsl-token-string-1.0.1.tgz",
      "integrity": "sha512-1mtQ47Uxd47wrovl+T6RshKGkRRCYWhnELmkEcUAPALWGTFe2XZpH3r45XAwL2B6v+l0KNsCnoaZCSnhzKEksg=="
    },
    "node_modules/glsl-tokenizer": {
      "version": "2.1.5",
      "resolved": "https://registry.npmjs.org/glsl-tokenizer/-/glsl-tokenizer-2.1.5.tgz",
      "integrity": "sha512-XSZEJ/i4dmz3Pmbnpsy3cKh7cotvFlBiZnDOwnj/05EwNp2XrhQ4XKJxT7/pDt4kp4YcpRSKz8eTV7S+mwV6MA==",
      "dependencies": {
        "through2": "^0.6.3"
      }
    },
    "node_modules/image-size": {
      "version": "0.7.5",
      "resolved": "https://registry.npmjs.org/image-size/-/image-size-0.7.5.tgz",
      "integrity": "sha512-Hiyv+mXHfFEP7LzUL/llg9RwFxxY+o9N3JVLIeG5E7iFIFAalxvRU9UZthBdYDEVnzHMgjnKJPPpay5BWf1g9g==",
      "bin": {
        "image-size": "bin/image-size.js"
      },
      "engines": {
        "node": ">=6.9.0"
      }
    },
    "node_modules/inherits": {
      "version": "2.0.4",
      "resolved": "https://registry.npmjs.org/inherits/-/inherits-2.0.4.tgz",
      "integrity": "sha512-k/vGaX4/Yla3WzyMCvTQOXYeIHvqOKtnqBduzTHpzpQZzAskKMhZ2K+EnBiSM9zGSoIFeMpXKxa4dYeZIQqewQ=="
    },
    "node_modules/isarray": {
      "version": "0.0.1",
      "resolved": "https://registry.npmjs.org/isarray/-/isarray-0.0.1.tgz",
      "integrity": "sha512-D2S+3GLxWH+uhrNEcoh/fnmYeP8E8/zHl644d/jdA0g2uyXvy3sb0qxotE+ne0LtccHknQzWwZEzhak7oJ0COQ=="
    },
    "node_modules/ktx-parse": {
      "version": "0.0.4",
      "resolved": "https://registry.npmjs.org/ktx-parse/-/ktx-parse-0.0.4.tgz",
      "integrity": "sha512-LY3nrmfXl+wZZdPxgJ3ZmLvG+wkOZZP3/dr4RbQj1Pk3Qwz44esOOSFFVQJcNWpXAtiNIC66WgXufX/SYgYz6A=="
    },
    "node_modules/nanoid": {
      "version": "3.3.6",
      "resolved": "https://registry.npmjs.org/nanoid/-/nanoid-3.3.6.tgz",
      "integrity": "sha512-BGcqMMJuToF7i1rt+2PWSNVnWIkGCU78jBG3RxO/bZlnZPK2Cmi2QaffxGO/2RvWi9sL+FAiRiXMgsyxQ1DIDA==",
      "dev": true,
      "funding": [
        {
          "type": "github",
          "url": "https://github.com/sponsors/ai"
        }
      ],
      "bin": {
        "nanoid": "bin/nanoid.cjs"
      },
      "engines": {
        "node": "^10 || ^12 || ^13.7 || ^14 || >=15.0.1"
      }
    },
    "node_modules/object-hash": {
      "version": "3.0.0",
      "resolved": "https://registry.npmjs.org/object-hash/-/object-hash-3.0.0.tgz",
      "integrity": "sha512-RSn9F68PjH9HqtltsSnqYC1XXoWe9Bju5+213R98cNGttag9q9yAOTzdbsqvIa7aNm5WffBZFpWYr2aWrklWAw==",
      "engines": {
        "node": ">= 6"
      }
    },
    "node_modules/picocolors": {
      "version": "1.0.0",
      "resolved": "https://registry.npmjs.org/picocolors/-/picocolors-1.0.0.tgz",
      "integrity": "sha512-1fygroTLlHu66zi26VoTDv8yRgm0Fccecssto+MhsZ0D/DGW2sm8E8AjW7NU5VVTRt5GxbeZ5qBuJr+HyLYkjQ==",
      "dev": true
    },
    "node_modules/picomatch": {
      "version": "2.3.1",
      "resolved": "https://registry.npmjs.org/picomatch/-/picomatch-2.3.1.tgz",
      "integrity": "sha512-JU3teHTNjmE2VCGFzuY8EXzCDVwEqB2a8fsIvwaStHhAWJEeVd1o1QD80CU6+ZdEXXSLbSsuLwJjkCBWqRQUVA==",
      "dev": true,
      "engines": {
        "node": ">=8.6"
      },
      "funding": {
        "url": "https://github.com/sponsors/jonschlinkert"
      }
    },
    "node_modules/postcss": {
      "version": "8.4.27",
      "resolved": "https://registry.npmjs.org/postcss/-/postcss-8.4.27.tgz",
      "integrity": "sha512-gY/ACJtJPSmUFPDCHtX78+01fHa64FaU4zaaWfuh1MhGJISufJAH4cun6k/8fwsHYeK4UQmENQK+tRLCFJE8JQ==",
      "dev": true,
      "funding": [
        {
          "type": "opencollective",
          "url": "https://opencollective.com/postcss/"
        },
        {
          "type": "tidelift",
          "url": "https://tidelift.com/funding/github/npm/postcss"
        },
        {
          "type": "github",
          "url": "https://github.com/sponsors/ai"
        }
      ],
      "dependencies": {
        "nanoid": "^3.3.6",
        "picocolors": "^1.0.0",
        "source-map-js": "^1.0.2"
      },
      "engines": {
        "node": "^10 || ^12 || >=14"
      }
    },
    "node_modules/readable-stream": {
      "version": "1.0.34",
      "resolved": "https://registry.npmjs.org/readable-stream/-/readable-stream-1.0.34.tgz",
      "integrity": "sha512-ok1qVCJuRkNmvebYikljxJA/UEsKwLl2nI1OmaqAu4/UE+h0wKCHok4XkL/gvi39OacXvw59RJUOFUkDib2rHg==",
      "dependencies": {
        "core-util-is": "~1.0.0",
        "inherits": "~2.0.1",
        "isarray": "0.0.1",
        "string_decoder": "~0.10.x"
      }
    },
    "node_modules/regenerator-runtime": {
      "version": "0.13.11",
      "resolved": "https://registry.npmjs.org/regenerator-runtime/-/regenerator-runtime-0.13.11.tgz",
      "integrity": "sha512-kY1AZVr2Ra+t+piVaJ4gxaFaReZVH40AKNo7UCX6W+dEwBo/2oZJzqfuN1qLq1oL45o56cPaTXELwrTh8Fpggg=="
    },
    "node_modules/rollup": {
      "version": "3.27.0",
      "resolved": "https://registry.npmjs.org/rollup/-/rollup-3.27.0.tgz",
      "integrity": "sha512-aOltLCrYZ0FhJDm7fCqwTjIUEVjWjcydKBV/Zeid6Mn8BWgDCUBBWT5beM5ieForYNo/1ZHuGJdka26kvQ3Gzg==",
      "dev": true,
      "bin": {
        "rollup": "dist/bin/rollup"
      },
      "engines": {
        "node": ">=14.18.0",
        "npm": ">=8.0.0"
      },
      "optionalDependencies": {
        "fsevents": "~2.3.2"
      }
    },
    "node_modules/rxjs": {
      "version": "7.8.1",
      "resolved": "https://registry.npmjs.org/rxjs/-/rxjs-7.8.1.tgz",
      "integrity": "sha512-AA3TVj+0A2iuIoQkWEK/tqFjBq2j+6PO6Y0zJcvzLAFhEFIO3HL0vls9hWLncZbAAbK0mar7oZ4V079I/qPMxg==",
      "dependencies": {
        "tslib": "^2.1.0"
      }
    },
    "node_modules/source-map": {
      "version": "0.6.1",
      "resolved": "https://registry.npmjs.org/source-map/-/source-map-0.6.1.tgz",
      "integrity": "sha512-UjgapumWlbMhkBgzT7Ykc5YXUT46F0iKu8SGXq0bcwP5dz/h0Plj6enJqjz1Zbq2l5WaqYnrVbwWOWMyF3F47g==",
      "dev": true,
      "engines": {
        "node": ">=0.10.0"
      }
    },
    "node_modules/source-map-js": {
      "version": "1.0.2",
      "resolved": "https://registry.npmjs.org/source-map-js/-/source-map-js-1.0.2.tgz",
      "integrity": "sha512-R0XvVJ9WusLiqTCEiGCmICCMplcCkIwwR11mOSD9CR5u+IXYdiseeEuXCVAjS54zqwkLcPNnmU4OeJ6tUrWhDw==",
      "dev": true,
      "engines": {
        "node": ">=0.10.0"
      }
    },
    "node_modules/source-map-support": {
      "version": "0.5.21",
      "resolved": "https://registry.npmjs.org/source-map-support/-/source-map-support-0.5.21.tgz",
      "integrity": "sha512-uBHU3L3czsIyYXKX88fdrGovxdSCoTGDRZ6SYXtSRxLZUzHg5P/66Ht6uoUlHu9EZod+inXhKo3qQgwXUT/y1w==",
      "dev": true,
      "dependencies": {
        "buffer-from": "^1.0.0",
        "source-map": "^0.6.0"
      }
    },
    "node_modules/sprintf-js": {
      "version": "1.0.3",
      "resolved": "https://registry.npmjs.org/sprintf-js/-/sprintf-js-1.0.3.tgz",
      "integrity": "sha512-D9cPgkvLlV3t3IzL0D0YLvGA9Ahk4PcvVwUbN0dSGr1aP0Nrt4AEnTUbuGvquEC0mA64Gqt1fzirlRs5ibXx8g=="
    },
    "node_modules/string_decoder": {
      "version": "0.10.31",
      "resolved": "https://registry.npmjs.org/string_decoder/-/string_decoder-0.10.31.tgz",
      "integrity": "sha512-ev2QzSzWPYmy9GuqfIVildA4OdcGLeFZQrq5ys6RtiuF+RQQiZWr8TZNyAcuVXyQRYfEO+MsoB/1BuQVhOJuoQ=="
    },
    "node_modules/terser": {
      "version": "5.19.2",
      "resolved": "https://registry.npmjs.org/terser/-/terser-5.19.2.tgz",
      "integrity": "sha512-qC5+dmecKJA4cpYxRa5aVkKehYsQKc+AHeKl0Oe62aYjBL8ZA33tTljktDHJSaxxMnbI5ZYw+o/S2DxxLu8OfA==",
      "dev": true,
      "dependencies": {
        "@jridgewell/source-map": "^0.3.3",
        "acorn": "^8.8.2",
        "commander": "^2.20.0",
        "source-map-support": "~0.5.20"
      },
      "bin": {
        "terser": "bin/terser"
      },
      "engines": {
        "node": ">=10"
      }
    },
    "node_modules/texture-compressor": {
      "version": "1.0.2",
      "resolved": "https://registry.npmjs.org/texture-compressor/-/texture-compressor-1.0.2.tgz",
      "integrity": "sha512-dStVgoaQ11mA5htJ+RzZ51ZxIZqNOgWKAIvtjLrW1AliQQLCmrDqNzQZ8Jh91YealQ95DXt4MEduLzJmbs6lig==",
      "dependencies": {
        "argparse": "^1.0.10",
        "image-size": "^0.7.4"
      },
      "bin": {
        "texture-compressor": "bin/texture-compressor.js"
      }
    },
    "node_modules/three": {
      "version": "0.154.0",
      "resolved": "https://registry.npmjs.org/three/-/three-0.154.0.tgz",
      "integrity": "sha512-Uzz8C/5GesJzv8i+Y2prEMYUwodwZySPcNhuJUdsVMH2Yn4Nm8qlbQe6qRN5fOhg55XB0WiLfTPBxVHxpE60ug=="
    },
    "node_modules/three-custom-shader-material": {
      "version": "5.4.0",
      "resolved": "https://registry.npmjs.org/three-custom-shader-material/-/three-custom-shader-material-5.4.0.tgz",
      "integrity": "sha512-Yn1lFlKOk3Vul3npEGAmbbFUZ5S2+yjPgM2XqJEZEYRSUUH2vk+WVYrtTB6Bcq15wa7hLUXAKoctAvbRmBmbYA==",
      "dependencies": {
        "glsl-token-functions": "^1.0.1",
        "glsl-token-string": "^1.0.1",
        "glsl-tokenizer": "^2.1.5",
        "object-hash": "^3.0.0"
      },
      "peerDependencies": {
        "@react-three/fiber": ">=8.0",
        "react": ">=18.0",
        "three": ">=0.154"
      },
      "peerDependenciesMeta": {
        "@react-three/fiber": {
          "optional": true
        },
        "react": {
          "optional": true
        }
      }
    },
    "node_modules/through2": {
      "version": "0.6.5",
      "resolved": "https://registry.npmjs.org/through2/-/through2-0.6.5.tgz",
      "integrity": "sha512-RkK/CCESdTKQZHdmKICijdKKsCRVHs5KsLZ6pACAmF/1GPUQhonHSXWNERctxEp7RmvjdNbZTL5z9V7nSCXKcg==",
      "dependencies": {
        "readable-stream": ">=1.0.33-1 <1.1.0-0",
        "xtend": ">=4.0.0 <4.1.0-0"
      }
    },
    "node_modules/tslib": {
      "version": "2.6.1",
      "resolved": "https://registry.npmjs.org/tslib/-/tslib-2.6.1.tgz",
      "integrity": "sha512-t0hLfiEKfMUoqhG+U1oid7Pva4bbDPHYfJNiB7BiIjRkj1pyC++4N3huJfqY6aRH6VTB0rvtzQwjM4K6qpfOig=="
    },
    "node_modules/tweakpane": {
      "version": "3.1.10",
      "resolved": "https://registry.npmjs.org/tweakpane/-/tweakpane-3.1.10.tgz",
      "integrity": "sha512-rqwnl/pUa7+inhI2E9ayGTqqP0EPOOn/wVvSWjZsRbZUItzNShny7pzwL3hVlaN4m9t/aZhsP0aFQ9U5VVR2VQ==",
      "funding": {
        "url": "https://github.com/sponsors/cocopon"
      }
    },
    "node_modules/vite": {
      "version": "4.4.7",
      "resolved": "https://registry.npmjs.org/vite/-/vite-4.4.7.tgz",
      "integrity": "sha512-6pYf9QJ1mHylfVh39HpuSfMPojPSKVxZvnclX1K1FyZ1PXDOcLBibdq5t1qxJSnL63ca8Wf4zts6mD8u8oc9Fw==",
      "dev": true,
      "dependencies": {
        "esbuild": "^0.18.10",
        "postcss": "^8.4.26",
        "rollup": "^3.25.2"
      },
      "bin": {
        "vite": "bin/vite.js"
      },
      "engines": {
        "node": "^14.18.0 || >=16.0.0"
      },
      "funding": {
        "url": "https://github.com/vitejs/vite?sponsor=1"
      },
      "optionalDependencies": {
        "fsevents": "~2.3.2"
      },
      "peerDependencies": {
        "@types/node": ">= 14",
        "less": "*",
        "lightningcss": "^1.21.0",
        "sass": "*",
        "stylus": "*",
        "sugarss": "*",
        "terser": "^5.4.0"
      },
      "peerDependenciesMeta": {
        "@types/node": {
          "optional": true
        },
        "less": {
          "optional": true
        },
        "lightningcss": {
          "optional": true
        },
        "sass": {
          "optional": true
        },
        "stylus": {
          "optional": true
        },
        "sugarss": {
          "optional": true
        },
        "terser": {
          "optional": true
        }
      }
    },
    "node_modules/vite-plugin-glsl": {
      "version": "1.1.2",
      "resolved": "https://registry.npmjs.org/vite-plugin-glsl/-/vite-plugin-glsl-1.1.2.tgz",
      "integrity": "sha512-zmXsfc1vn2MlYve9t3FAoWuhLyoCkNS1TuQL+TkXZL7tGmBjRErp10eNYxcse5tK9oUC5MyJpNc4ElpQnx8DoA==",
      "dev": true,
      "dependencies": {
        "@rollup/pluginutils": "^5.0.2"
      },
      "engines": {
        "node": ">= 16.15.1",
        "npm": ">= 8.11.0"
      },
      "peerDependencies": {
        "vite": "^3.0.0 || ^4.0.0"
      }
    },
    "node_modules/xtend": {
      "version": "4.0.2",
      "resolved": "https://registry.npmjs.org/xtend/-/xtend-4.0.2.tgz",
      "integrity": "sha512-LKYU1iAXJXUgAXn9URjiu+MWhyUXHsvfp7mcuYm9dSUKK0/CjtrUwFAxD82/mCWbtLsGjFIad0wIsod4zrTAEQ==",
      "engines": {
        "node": ">=0.4"
      }
    }
  }
}
